
Microsoft Visual Studio Solution File, Format Version 12.00
# Visual Studio Version 16
VisualStudioVersion = 16.0.31005.135
MinimumVisualStudioVersion = 10.0.40219.1
Project("{FAE04EC0-301F-11D3-BF4B-00C04F79EFBC}") = "NUnitDemo", "NUnitDemo\NUnitDemo.csproj", "{D052D057-D042-42EC-BA72-E37B1B736C7B}"
EndProject
Project("{FAE04EC0-301F-11D3-BF4B-00C04F79EFBC}") = "NUnitDemoConsole", "NUnitDemoConsole\NUnitDemoConsole.csproj", "{EF3E9D94-9864-4B11-B4B0-A2965D620AAF}"
EndProject
Global
	GlobalSection(SolutionConfigurationPlatforms) = preSolution
		Debug|Any CPU = Debug|Any CPU
		Release|Any CPU = Release|Any CPU
	EndGlobalSection
	GlobalSection(ProjectConfigurationPlatforms) = postSolution
		{D052D057-D042-42EC-BA72-E37B1B736C7B}.Debug|Any CPU.ActiveCfg = Debug|Any CPU
		{D052D057-D042-42EC-BA72-E37B1B736C7B}.Debug|Any CPU.Build.0 = Debug|Any CPU
		{D052D057-D042-42EC-BA72-E37B1B736C7B}.Release|Any CPU.ActiveCfg = Release|Any CPU
		{D052D057-D042-42EC-BA72-E37B1B736C7B}.Release|Any CPU.Build.0 = Release|Any CPU
		{EF3E9D94-9864-4B11-B4B0-A2965D620AAF}.Debug|Any CPU.ActiveCfg = Debug|Any CPU
		{EF3E9D94-9864-4B11-B4B0-A2965D620AAF}.Debug|Any CPU.Build.0 = Debug|Any CPU
		{EF3E9D94-9864-4B11-B4B0-A2965D620AAF}.Release|Any CPU.ActiveCfg = Release|Any CPU
		{EF3E9D94-9864-4B11-B4B0-A2965D620AAF}.Release|Any CPU.Build.0 = Release|Any CPU
	EndGlobalSection
	GlobalSection(SolutionProperties) = preSolution
		HideSolutionNode = FALSE
	EndGlobalSection
	GlobalSection(ExtensibilityGlobals) = postSolution
		SolutionGuid = {CF36D07C-639A-43B6-B0DA-157F69879ACC}
	EndGlobalSection
EndGlobal
